
Microsoft Visual Studio Solution File, Format Version 12.00
# Visual Studio 2013
VisualStudioVersion = 12.0.21005.1
MinimumVisualStudioVersion = 10.0.40219.1
Project("{8BC9CEB8-8B4A-11D0-8D11-00A0C91BC942}") = "t4m", "t4m.vcxproj", "{C3827C0A-4EF7-4229-B77F-A69503A59BD4}"
EndProject
Global
	GlobalSection(SolutionConfigurationPlatforms) = preSolution
		Debug|Win32 = Debug|Win32
		Release|Win32 = Release|Win32
	EndGlobalSection
	GlobalSection(ProjectConfigurationPlatforms) = postSolution
		{C3827C0A-4EF7-4229-B77F-A69503A59BD4}.Debug|Win32.ActiveCfg = Debug|Win32
		{C3827C0A-4EF7-4229-B77F-A69503A59BD4}.Debug|Win32.Build.0 = Debug|Win32
		{C3827C0A-4EF7-4229-B77F-A69503A59BD4}.Release|Win32.ActiveCfg = Release|Win32
		{C3827C0A-4EF7-4229-B77F-A69503A59BD4}.Release|Win32.Build.0 = Release|Win32
	EndGlobalSection
	GlobalSection(SolutionProperties) = preSolution
		HideSolutionNode = FALSE
	EndGlobalSection
EndGlobal
